
Microsoft Visual Studio Solution File, Format Version 12.00
# Visual Studio Version 16
VisualStudioVersion = 16.0.31624.102
MinimumVisualStudioVersion = 10.0.40219.1
Project("{FAE04EC0-301F-11D3-BF4B-00C04F79EFBC}") = "wafth 23", "wafth 23\wafth 23.csproj", "{9FDAEA6A-DBA5-4A65-B10F-357A14E8F64E}"
EndProject
Global
	GlobalSection(SolutionConfigurationPlatforms) = preSolution
		Debug|Any CPU = Debug|Any CPU
		Release|Any CPU = Release|Any CPU
	EndGlobalSection
	GlobalSection(ProjectConfigurationPlatforms) = postSolution
		{9FDAEA6A-DBA5-4A65-B10F-357A14E8F64E}.Debug|Any CPU.ActiveCfg = Debug|Any CPU
		{9FDAEA6A-DBA5-4A65-B10F-357A14E8F64E}.Debug|Any CPU.Build.0 = Debug|Any CPU
		{9FDAEA6A-DBA5-4A65-B10F-357A14E8F64E}.Release|Any CPU.ActiveCfg = Release|Any CPU
		{9FDAEA6A-DBA5-4A65-B10F-357A14E8F64E}.Release|Any CPU.Build.0 = Release|Any CPU
	EndGlobalSection
	GlobalSection(SolutionProperties) = preSolution
		HideSolutionNode = FALSE
	EndGlobalSection
	GlobalSection(ExtensibilityGlobals) = postSolution
		SolutionGuid = {2F2C8A7C-F0AB-42DB-8E16-B87AAA803402}
	EndGlobalSection
EndGlobal
